
Microsoft Visual Studio Solution File, Format Version 12.00
# Visual Studio Version 17
VisualStudioVersion = 17.8.34316.72
MinimumVisualStudioVersion = 10.0.40219.1
Project("{9A19103F-16F7-4668-BE54-9A1E7A4F7556}") = "Application", "Application\Application.csproj", "{EF30E21E-7431-4381-A800-7216DC679FDF}"
EndProject
Project("{9A19103F-16F7-4668-BE54-9A1E7A4F7556}") = "Domain", "Domain\Domain.csproj", "{05F2D856-CB3E-4790-B744-4D4F7C167E7F}"
EndProject
Project("{9A19103F-16F7-4668-BE54-9A1E7A4F7556}") = "Service", "Service\Service.csproj", "{9B42EA45-5B4E-4A8B-8AFD-467CE2526405}"
EndProject
Project("{9A19103F-16F7-4668-BE54-9A1E7A4F7556}") = "Repository", "Repository\Repository.csproj", "{51D526DA-F106-429B-8A10-570BD1333164}"
EndProject
Global
	GlobalSection(SolutionConfigurationPlatforms) = preSolution
		Debug|Any CPU = Debug|Any CPU
		Release|Any CPU = Release|Any CPU
	EndGlobalSection
	GlobalSection(ProjectConfigurationPlatforms) = postSolution
		{EF30E21E-7431-4381-A800-7216DC679FDF}.Debug|Any CPU.ActiveCfg = Debug|Any CPU
		{EF30E21E-7431-4381-A800-7216DC679FDF}.Debug|Any CPU.Build.0 = Debug|Any CPU
		{EF30E21E-7431-4381-A800-7216DC679FDF}.Release|Any CPU.ActiveCfg = Release|Any CPU
		{EF30E21E-7431-4381-A800-7216DC679FDF}.Release|Any CPU.Build.0 = Release|Any CPU
		{05F2D856-CB3E-4790-B744-4D4F7C167E7F}.Debug|Any CPU.ActiveCfg = Debug|Any CPU
		{05F2D856-CB3E-4790-B744-4D4F7C167E7F}.Debug|Any CPU.Build.0 = Debug|Any CPU
		{05F2D856-CB3E-4790-B744-4D4F7C167E7F}.Release|Any CPU.ActiveCfg = Release|Any CPU
		{05F2D856-CB3E-4790-B744-4D4F7C167E7F}.Release|Any CPU.Build.0 = Release|Any CPU
		{9B42EA45-5B4E-4A8B-8AFD-467CE2526405}.Debug|Any CPU.ActiveCfg = Debug|Any CPU
		{9B42EA45-5B4E-4A8B-8AFD-467CE2526405}.Debug|Any CPU.Build.0 = Debug|Any CPU
		{9B42EA45-5B4E-4A8B-8AFD-467CE2526405}.Release|Any CPU.ActiveCfg = Release|Any CPU
		{9B42EA45-5B4E-4A8B-8AFD-467CE2526405}.Release|Any CPU.Build.0 = Release|Any CPU
		{51D526DA-F106-429B-8A10-570BD1333164}.Debug|Any CPU.ActiveCfg = Debug|Any CPU
		{51D526DA-F106-429B-8A10-570BD1333164}.Debug|Any CPU.Build.0 = Debug|Any CPU
		{51D526DA-F106-429B-8A10-570BD1333164}.Release|Any CPU.ActiveCfg = Release|Any CPU
		{51D526DA-F106-429B-8A10-570BD1333164}.Release|Any CPU.Build.0 = Release|Any CPU
	EndGlobalSection
	GlobalSection(SolutionProperties) = preSolution
		HideSolutionNode = FALSE
	EndGlobalSection
	GlobalSection(ExtensibilityGlobals) = postSolution
		SolutionGuid = {2614F9C8-EFBD-4100-923F-189553552147}
	EndGlobalSection
EndGlobal
